
Microsoft Visual Studio Solution File, Format Version 12.00
# Visual Studio 14
VisualStudioVersion = 14.0.25123.0
MinimumVisualStudioVersion = 10.0.40219.1
Project("{8BC9CEB8-8B4A-11D0-8D11-00A0C91BC942}") = "EngineSample", "EngineSample\EngineSample.vcxproj", "{76DC83E6-CC34-4AA6-8EDB-DAF046970082}"
EndProject
Global
	GlobalSection(SolutionConfigurationPlatforms) = preSolution
		Debug|Win32 = Debug|Win32
		Release_RT|Win32 = Release_RT|Win32
		Release|Win32 = Release|Win32
		WinRT|Win32 = WinRT|Win32
	EndGlobalSection
	GlobalSection(ProjectConfigurationPlatforms) = postSolution
		{76DC83E6-CC34-4AA6-8EDB-DAF046970082}.Debug|Win32.ActiveCfg = Debug|Win32
		{76DC83E6-CC34-4AA6-8EDB-DAF046970082}.Debug|Win32.Build.0 = Debug|Win32
		{76DC83E6-CC34-4AA6-8EDB-DAF046970082}.Release_RT|Win32.ActiveCfg = Release|Win32
		{76DC83E6-CC34-4AA6-8EDB-DAF046970082}.Release_RT|Win32.Build.0 = Release|Win32
		{76DC83E6-CC34-4AA6-8EDB-DAF046970082}.Release|Win32.ActiveCfg = Release|Win32
		{76DC83E6-CC34-4AA6-8EDB-DAF046970082}.Release|Win32.Build.0 = Release|Win32
		{76DC83E6-CC34-4AA6-8EDB-DAF046970082}.WinRT|Win32.ActiveCfg = Release|Win32
		{76DC83E6-CC34-4AA6-8EDB-DAF046970082}.WinRT|Win32.Build.0 = Release|Win32
	EndGlobalSection
	GlobalSection(SolutionProperties) = preSolution
		HideSolutionNode = FALSE
	EndGlobalSection
EndGlobal
